# THIS IS AN AUTOGENERATED FILE. DO NOT EDIT THIS FILE DIRECTLY.
# yarn lockfile v1


create-hono@^0.14.2:
  version "0.14.2"
  resolved "https://registry.yarnpkg.com/create-hono/-/create-hono-0.14.2.tgz#685ec246d8cbf73204d5db6cc3a2e3d4634b31d3"
  integrity sha512-u/V4IKUxUKCb1oNIX13A4nP9aVeVYvWGcQ8wVK6AjSagR4gsjvo6F8SqqHa/maSKVOXnd7oSOQ4Q9QvpcurOsw==
